// !$*UTF8*$!
{
	archiveVersion = 1;
	classes = {
	};
	objectVersion = 50;
	objects = {

/* Begin PBXBuildFile section */
		317447952492AE7000862E28 /* AppDelegate.swift in Sources */ = {isa = PBXBuildFile; fileRef = 317447942492AE7000862E28 /* AppDelegate.swift */; };
		317447972492AE7000862E28 /* SceneDelegate.swift in Sources */ = {isa = PBXBuildFile; fileRef = 317447962492AE7000862E28 /* SceneDelegate.swift */; };
		3174479E2492AE7200862E28 /* Assets.xcassets in Resources */ = {isa = PBXBuildFile; fileRef = 3174479D2492AE7200862E28 /* Assets.xcassets */; };
		317447A12492AE7200862E28 /* LaunchScreen.storyboard in Resources */ = {isa = PBXBuildFile; fileRef = 3174479F2492AE7200862E28 /* LaunchScreen.storyboard */; };
		317447AF2492B6DC00862E28 /* ProductModel.swift in Sources */ = {isa = PBXBuildFile; fileRef = 317447AE2492B6DC00862E28 /* ProductModel.swift */; };
		6EAFF69324A49A5800688F08 /* ShoppingBasketViewModel.swift in Sources */ = {isa = PBXBuildFile; fileRef = 6EAFF69224A49A5800688F08 /* ShoppingBasketViewModel.swift */; };
		6EAFF69524A49B0800688F08 /* BasketItemViewModel.swift in Sources */ = {isa = PBXBuildFile; fileRef = 6EAFF69424A49B0800688F08 /* BasketItemViewModel.swift */; };
		6EAFF69824A49FF500688F08 /* APIService.swift in Sources */ = {isa = PBXBuildFile; fileRef = 6EAFF69724A49FF500688F08 /* APIService.swift */; };
		6EAFF69A24A4A00400688F08 /* HTTPService.swift in Sources */ = {isa = PBXBuildFile; fileRef = 6EAFF69924A4A00400688F08 /* HTTPService.swift */; };
		6EAFF69C24A4B08B00688F08 /* ShoppingBasketView.swift in Sources */ = {isa = PBXBuildFile; fileRef = 6EAFF69B24A4B08B00688F08 /* ShoppingBasketView.swift */; };
		6EAFF69E24A4B0C300688F08 /* ProductListView.swift in Sources */ = {isa = PBXBuildFile; fileRef = 6EAFF69D24A4B0C300688F08 /* ProductListView.swift */; };
		6EAFF6A024A4B0E100688F08 /* ProductDetailsView.swift in Sources */ = {isa = PBXBuildFile; fileRef = 6EAFF69F24A4B0E100688F08 /* ProductDetailsView.swift */; };
		6EAFF6A224A4B0FD00688F08 /* BasketListRowView.swift in Sources */ = {isa = PBXBuildFile; fileRef = 6EAFF6A124A4B0FD00688F08 /* BasketListRowView.swift */; };
		6EAFF6A424A4B84000688F08 /* ProductViewModel.swift in Sources */ = {isa = PBXBuildFile; fileRef = 6EAFF6A324A4B84000688F08 /* ProductViewModel.swift */; };
		6EAFF6A624A4BED800688F08 /* ProductListRowView.swift in Sources */ = {isa = PBXBuildFile; fileRef = 6EAFF6A524A4BED800688F08 /* ProductListRowView.swift */; };
		6EAFF6A824A4C0BE00688F08 /* ProductListViewModel.swift in Sources */ = {isa = PBXBuildFile; fileRef = 6EAFF6A724A4C0BE00688F08 /* ProductListViewModel.swift */; };
		6EAFF6AB24A4E65500688F08 /* Extensions.swift in Sources */ = {isa = PBXBuildFile; fileRef = 6EAFF6AA24A4E65500688F08 /* Extensions.swift */; };
		6EBCCE3124AA4D22002B5366 /* Main.storyboard in Resources */ = {isa = PBXBuildFile; fileRef = 6EBCCE3024AA4D22002B5366 /* Main.storyboard */; };
		6ECF835624A6608A0076BB53 /* ShoppingBasketItemModel.swift in Sources */ = {isa = PBXBuildFile; fileRef = 6ECF835524A6608A0076BB53 /* ShoppingBasketItemModel.swift */; };
		6EEEE78824AA212C00167B4B /* ViewController.swift in Sources */ = {isa = PBXBuildFile; fileRef = 6EEEE78724AA212B00167B4B /* ViewController.swift */; };
/* End PBXBuildFile section */

/* Begin PBXFileReference section */
		317447912492AE7000862E28 /* EasyShopper.app */ = {isa = PBXFileReference; explicitFileType = wrapper.application; includeInIndex = 0; path = EasyShopper.app; sourceTree = BUILT_PRODUCTS_DIR; };
		317447942492AE7000862E28 /* AppDelegate.swift */ = {isa = PBXFileReference; lastKnownFileType = sourcecode.swift; path = AppDelegate.swift; sourceTree = "<group>"; };
		317447962492AE7000862E28 /* SceneDelegate.swift */ = {isa = PBXFileReference; lastKnownFileType = sourcecode.swift; path = SceneDelegate.swift; sourceTree = "<group>"; };
		3174479D2492AE7200862E28 /* Assets.xcassets */ = {isa = PBXFileReference; lastKnownFileType = folder.assetcatalog; path = Assets.xcassets; sourceTree = "<group>"; };
		317447A02492AE7200862E28 /* Base */ = {isa = PBXFileReference; lastKnownFileType = file.storyboard; name = Base; path = Base.lproj/LaunchScreen.storyboard; sourceTree = "<group>"; };
		317447A22492AE7200862E28 /* Info.plist */ = {isa = PBXFileReference; lastKnownFileType = text.plist.xml; path = Info.plist; sourceTree = "<group>"; };
		317447AE2492B6DC00862E28 /* ProductModel.swift */ = {isa = PBXFileReference; lastKnownFileType = sourcecode.swift; path = ProductModel.swift; sourceTree = "<group>"; };
		6EAFF69224A49A5800688F08 /* ShoppingBasketViewModel.swift */ = {isa = PBXFileReference; lastKnownFileType = sourcecode.swift; path = ShoppingBasketViewModel.swift; sourceTree = "<group>"; };
		6EAFF69424A49B0800688F08 /* BasketItemViewModel.swift */ = {isa = PBXFileReference; lastKnownFileType = sourcecode.swift; path = BasketItemViewModel.swift; sourceTree = "<group>"; };
		6EAFF69724A49FF500688F08 /* APIService.swift */ = {isa = PBXFileReference; lastKnownFileType = sourcecode.swift; path = APIService.swift; sourceTree = "<group>"; };
		6EAFF69924A4A00400688F08 /* HTTPService.swift */ = {isa = PBXFileReference; lastKnownFileType = sourcecode.swift; path = HTTPService.swift; sourceTree = "<group>"; };
		6EAFF69B24A4B08B00688F08 /* ShoppingBasketView.swift */ = {isa = PBXFileReference; lastKnownFileType = sourcecode.swift; path = ShoppingBasketView.swift; sourceTree = "<group>"; };
		6EAFF69D24A4B0C300688F08 /* ProductListView.swift */ = {isa = PBXFileReference; lastKnownFileType = sourcecode.swift; path = ProductListView.swift; sourceTree = "<group>"; };
		6EAFF69F24A4B0E100688F08 /* ProductDetailsView.swift */ = {isa = PBXFileReference; lastKnownFileType = sourcecode.swift; path = ProductDetailsView.swift; sourceTree = "<group>"; };
		6EAFF6A124A4B0FD00688F08 /* BasketListRowView.swift */ = {isa = PBXFileReference; lastKnownFileType = sourcecode.swift; name = BasketListRowView.swift; path = ../BasketListRowView.swift; sourceTree = "<group>"; };
		6EAFF6A324A4B84000688F08 /* ProductViewModel.swift */ = {isa = PBXFileReference; lastKnownFileType = sourcecode.swift; path = ProductViewModel.swift; sourceTree = "<group>"; };
		6EAFF6A524A4BED800688F08 /* ProductListRowView.swift */ = {isa = PBXFileReference; lastKnownFileType = sourcecode.swift; name = ProductListRowView.swift; path = ../ProductListRowView.swift; sourceTree = "<group>"; };
		6EAFF6A724A4C0BE00688F08 /* ProductListViewModel.swift */ = {isa = PBXFileReference; lastKnownFileType = sourcecode.swift; path = ProductListViewModel.swift; sourceTree = "<group>"; };
		6EAFF6AA24A4E65500688F08 /* Extensions.swift */ = {isa = PBXFileReference; lastKnownFileType = sourcecode.swift; path = Extensions.swift; sourceTree = "<group>"; };
		6EBCCE3024AA4D22002B5366 /* Main.storyboard */ = {isa = PBXFileReference; fileEncoding = 4; lastKnownFileType = file.storyboard; path = Main.storyboard; sourceTree = "<group>"; };
		6ECF835524A6608A0076BB53 /* ShoppingBasketItemModel.swift */ = {isa = PBXFileReference; fileEncoding = 4; lastKnownFileType = sourcecode.swift; path = ShoppingBasketItemModel.swift; sourceTree = "<group>"; };
		6EEEE78724AA212B00167B4B /* ViewController.swift */ = {isa = PBXFileReference; fileEncoding = 4; lastKnownFileType = sourcecode.swift; path = ViewController.swift; sourceTree = "<group>"; };
/* End PBXFileReference section */

/* Begin PBXFrameworksBuildPhase section */
		3174478E2492AE7000862E28 /* Frameworks */ = {
			isa = PBXFrameworksBuildPhase;
			buildActionMask = 2147483647;
			files = (
			);
			runOnlyForDeploymentPostprocessing = 0;
		};
/* End PBXFrameworksBuildPhase section */

/* Begin PBXGroup section */
		317447882492AE7000862E28 = {
			isa = PBXGroup;
			children = (
				317447932492AE7000862E28 /* EasyShopper */,
				317447922492AE7000862E28 /* Products */,
			);
			sourceTree = "<group>";
		};
		317447922492AE7000862E28 /* Products */ = {
			isa = PBXGroup;
			children = (
				317447912492AE7000862E28 /* EasyShopper.app */,
			);
			name = Products;
			sourceTree = "<group>";
		};
		317447932492AE7000862E28 /* EasyShopper */ = {
			isa = PBXGroup;
			children = (
				6EAFF6A924A4E63B00688F08 /* Extensions */,
				6EAFF69624A49FC400688F08 /* Services */,
				317447AD2492B6C600862E28 /* Models */,
				6EAFF68F24A4987900688F08 /* ViewModels */,
				6EAFF69024A4989800688F08 /* Views */,
				317447942492AE7000862E28 /* AppDelegate.swift */,
				317447962492AE7000862E28 /* SceneDelegate.swift */,
				3174479D2492AE7200862E28 /* Assets.xcassets */,
				6EEEE78724AA212B00167B4B /* ViewController.swift */,
				6EBCCE3024AA4D22002B5366 /* Main.storyboard */,
				3174479F2492AE7200862E28 /* LaunchScreen.storyboard */,
				317447A22492AE7200862E28 /* Info.plist */,
			);
			path = EasyShopper;
			sourceTree = "<group>";
		};
		317447AD2492B6C600862E28 /* Models */ = {
			isa = PBXGroup;
			children = (
				317447AE2492B6DC00862E28 /* ProductModel.swift */,
				6ECF835524A6608A0076BB53 /* ShoppingBasketItemModel.swift */,
			);
			path = Models;
			sourceTree = "<group>";
		};
		6EAFF68F24A4987900688F08 /* ViewModels */ = {
			isa = PBXGroup;
			children = (
				6EAFF69224A49A5800688F08 /* ShoppingBasketViewModel.swift */,
				6EAFF69424A49B0800688F08 /* BasketItemViewModel.swift */,
				6EAFF6A324A4B84000688F08 /* ProductViewModel.swift */,
				6EAFF6A724A4C0BE00688F08 /* ProductListViewModel.swift */,
			);
			path = ViewModels;
			sourceTree = "<group>";
		};
		6EAFF69024A4989800688F08 /* Views */ = {
			isa = PBXGroup;
			children = (
				6EAFF69124A498AA00688F08 /* Supplements */,
				6EAFF69B24A4B08B00688F08 /* ShoppingBasketView.swift */,
				6EAFF69D24A4B0C300688F08 /* ProductListView.swift */,
				6EAFF69F24A4B0E100688F08 /* ProductDetailsView.swift */,
			);
			path = Views;
			sourceTree = "<group>";
		};
		6EAFF69124A498AA00688F08 /* Supplements */ = {
			isa = PBXGroup;
			children = (
				6EAFF6A524A4BED800688F08 /* ProductListRowView.swift */,
				6EAFF6A124A4B0FD00688F08 /* BasketListRowView.swift */,
			);
			path = Supplements;
			sourceTree = "<group>";
		};
		6EAFF69624A49FC400688F08 /* Services */ = {
			isa = PBXGroup;
			children = (
				6EAFF69724A49FF500688F08 /* APIService.swift */,
				6EAFF69924A4A00400688F08 /* HTTPService.swift */,
			);
			path = Services;
			sourceTree = "<group>";
		};
		6EAFF6A924A4E63B00688F08 /* Extensions */ = {
			isa = PBXGroup;
			children = (
				6EAFF6AA24A4E65500688F08 /* Extensions.swift */,
			);
			path = Extensions;
			sourceTree = "<group>";
		};
/* End PBXGroup section */

/* Begin PBXNativeTarget section */
		317447902492AE7000862E28 /* EasyShopper */ = {
			isa = PBXNativeTarget;
			buildConfigurationList = 317447A52492AE7200862E28 /* Build configuration list for PBXNativeTarget "EasyShopper" */;
			buildPhases = (
				3174478D2492AE7000862E28 /* Sources */,
				3174478E2492AE7000862E28 /* Frameworks */,
				3174478F2492AE7000862E28 /* Resources */,
			);
			buildRules = (
			);
			dependencies = (
			);
			name = EasyShopper;
			productName = EasyShopper;
			productReference = 317447912492AE7000862E28 /* EasyShopper.app */;
			productType = "com.apple.product-type.application";
		};
/* End PBXNativeTarget section */

/* Begin PBXProject section */
		317447892492AE7000862E28 /* Project object */ = {
			isa = PBXProject;
			attributes = {
				LastSwiftUpdateCheck = 1150;
				LastUpgradeCheck = 1150;
				ORGANIZATIONNAME = "Ka-ching";
				TargetAttributes = {
					317447902492AE7000862E28 = {
						CreatedOnToolsVersion = 11.5;
					};
				};
			};
			buildConfigurationList = 3174478C2492AE7000862E28 /* Build configuration list for PBXProject "EasyShopper" */;
			compatibilityVersion = "Xcode 9.3";
			developmentRegion = en;
			hasScannedForEncodings = 0;
			knownRegions = (
				en,
				Base,
			);
			mainGroup = 317447882492AE7000862E28;
			productRefGroup = 317447922492AE7000862E28 /* Products */;
			projectDirPath = "";
			projectRoot = "";
			targets = (
				317447902492AE7000862E28 /* EasyShopper */,
			);
		};
/* End PBXProject section */

/* Begin PBXResourcesBuildPhase section */
		3174478F2492AE7000862E28 /* Resources */ = {
			isa = PBXResourcesBuildPhase;
			buildActionMask = 2147483647;
			files = (
				6EBCCE3124AA4D22002B5366 /* Main.storyboard in Resources */,
				317447A12492AE7200862E28 /* LaunchScreen.storyboard in Resources */,
				3174479E2492AE7200862E28 /* Assets.xcassets in Resources */,
			);
			runOnlyForDeploymentPostprocessing = 0;
		};
/* End PBXResourcesBuildPhase section */

/* Begin PBXSourcesBuildPhase section */
		3174478D2492AE7000862E28 /* Sources */ = {
			isa = PBXSourcesBuildPhase;
			buildActionMask = 2147483647;
			files = (
				317447952492AE7000862E28 /* AppDelegate.swift in Sources */,
				6EAFF69524A49B0800688F08 /* BasketItemViewModel.swift in Sources */,
				6EAFF69A24A4A00400688F08 /* HTTPService.swift in Sources */,
				317447972492AE7000862E28 /* SceneDelegate.swift in Sources */,
				6EAFF6AB24A4E65500688F08 /* Extensions.swift in Sources */,
				6EAFF69824A49FF500688F08 /* APIService.swift in Sources */,
				6ECF835624A6608A0076BB53 /* ShoppingBasketItemModel.swift in Sources */,
				6EAFF69C24A4B08B00688F08 /* ShoppingBasketView.swift in Sources */,
				6EAFF6A224A4B0FD00688F08 /* BasketListRowView.swift in Sources */,
				6EEEE78824AA212C00167B4B /* ViewController.swift in Sources */,
				6EAFF69E24A4B0C300688F08 /* ProductListView.swift in Sources */,
				6EAFF6A624A4BED800688F08 /* ProductListRowView.swift in Sources */,
				6EAFF6A024A4B0E100688F08 /* ProductDetailsView.swift in Sources */,
				6EAFF6A824A4C0BE00688F08 /* ProductListViewModel.swift in Sources */,
				6EAFF69324A49A5800688F08 /* ShoppingBasketViewModel.swift in Sources */,
				6EAFF6A424A4B84000688F08 /* ProductViewModel.swift in Sources */,
				317447AF2492B6DC00862E28 /* ProductModel.swift in Sources */,
			);
			runOnlyForDeploymentPostprocessing = 0;
		};
/* End PBXSourcesBuildPhase section */

/* Begin PBXVariantGroup section */
		3174479F2492AE7200862E28 /* LaunchScreen.storyboard */ = {
			isa = PBXVariantGroup;
			children = (
				317447A02492AE7200862E28 /* Base */,
			);
			name = LaunchScreen.storyboard;
			sourceTree = "<group>";
		};
/* End PBXVariantGroup section */

/* Begin XCBuildConfiguration section */
		317447A32492AE7200862E28 /* Debug */ = {
			isa = XCBuildConfiguration;
			buildSettings = {
				ALWAYS_SEARCH_USER_PATHS = NO;
				CLANG_ANALYZER_NONNULL = YES;
				CLANG_ANALYZER_NUMBER_OBJECT_CONVERSION = YES_AGGRESSIVE;
				CLANG_CXX_LANGUAGE_STANDARD = "gnu++14";
				CLANG_CXX_LIBRARY = "libc++";
				CLANG_ENABLE_MODULES = YES;
				CLANG_ENABLE_OBJC_ARC = YES;
				CLANG_ENABLE_OBJC_WEAK = YES;
				CLANG_WARN_BLOCK_CAPTURE_AUTORELEASING = YES;
				CLANG_WARN_BOOL_CONVERSION = YES;
				CLANG_WARN_COMMA = YES;
				CLANG_WARN_CONSTANT_CONVERSION = YES;
				CLANG_WARN_DEPRECATED_OBJC_IMPLEMENTATIONS = YES;
				CLANG_WARN_DIRECT_OBJC_ISA_USAGE = YES_ERROR;
				CLANG_WARN_DOCUMENTATION_COMMENTS = YES;
				CLANG_WARN_EMPTY_BODY = YES;
				CLANG_WARN_ENUM_CONVERSION = YES;
				CLANG_WARN_INFINITE_RECURSION = YES;
				CLANG_WARN_INT_CONVERSION = YES;
				CLANG_WARN_NON_LITERAL_NULL_CONVERSION = YES;
				CLANG_WARN_OBJC_IMPLICIT_RETAIN_SELF = YES;
				CLANG_WARN_OBJC_LITERAL_CONVERSION = YES;
				CLANG_WARN_OBJC_ROOT_CLASS = YES_ERROR;
				CLANG_WARN_RANGE_LOOP_ANALYSIS = YES;
				CLANG_WARN_STRICT_PROTOTYPES = YES;
				CLANG_WARN_SUSPICIOUS_MOVE = YES;
				CLANG_WARN_UNGUARDED_AVAILABILITY = YES_AGGRESSIVE;
				CLANG_WARN_UNREACHABLE_CODE = YES;
				CLANG_WARN__DUPLICATE_METHOD_MATCH = YES;
				COPY_PHASE_STRIP = NO;
				DEBUG_INFORMATION_FORMAT = dwarf;
				ENABLE_STRICT_OBJC_MSGSEND = YES;
				ENABLE_TESTABILITY = YES;
				GCC_C_LANGUAGE_STANDARD = gnu11;
				GCC_DYNAMIC_NO_PIC = NO;
				GCC_NO_COMMON_BLOCKS = YES;
				GCC_OPTIMIZATION_LEVEL = 0;
				GCC_PREPROCESSOR_DEFINITIONS = (
					"DEBUG=1",
					"$(inherited)",
				);
				GCC_WARN_64_TO_32_BIT_CONVERSION = YES;
				GCC_WARN_ABOUT_RETURN_TYPE = YES_ERROR;
				GCC_WARN_UNDECLARED_SELECTOR = YES;
				GCC_WARN_UNINITIALIZED_AUTOS = YES_AGGRESSIVE;
				GCC_WARN_UNUSED_FUNCTION = YES;
				GCC_WARN_UNUSED_VARIABLE = YES;
				IPHONEOS_DEPLOYMENT_TARGET = 13.5;
				MTL_ENABLE_DEBUG_INFO = INCLUDE_SOURCE;
				MTL_FAST_MATH = YES;
				ONLY_ACTIVE_ARCH = YES;
				SDKROOT = iphoneos;
				SWIFT_ACTIVE_COMPILATION_CONDITIONS = DEBUG;
				SWIFT_OPTIMIZATION_LEVEL = "-Onone";
			};
			name = Debug;
		};
		317447A42492AE7200862E28 /* Release */ = {
			isa = XCBuildConfiguration;
			buildSettings = {
				ALWAYS_SEARCH_USER_PATHS = NO;
				CLANG_ANALYZER_NONNULL = YES;
				CLANG_ANALYZER_NUMBER_OBJECT_CONVERSION = YES_AGGRESSIVE;
				CLANG_CXX_LANGUAGE_STANDARD = "gnu++14";
				CLANG_CXX_LIBRARY = "libc++";
				CLANG_ENABLE_MODULES = YES;
				CLANG_ENABLE_OBJC_ARC = YES;
				CLANG_ENABLE_OBJC_WEAK = YES;
				CLANG_WARN_BLOCK_CAPTURE_AUTORELEASING = YES;
				CLANG_WARN_BOOL_CONVERSION = YES;
				CLANG_WARN_COMMA = YES;
				CLANG_WARN_CONSTANT_CONVERSION = YES;
				CLANG_WARN_DEPRECATED_OBJC_IMPLEMENTATIONS = YES;
				CLANG_WARN_DIRECT_OBJC_ISA_USAGE = YES_ERROR;
				CLANG_WARN_DOCUMENTATION_COMMENTS = YES;
				CLANG_WARN_EMPTY_BODY = YES;
				CLANG_WARN_ENUM_CONVERSION = YES;
				CLANG_WARN_INFINITE_RECURSION = YES;
				CLANG_WARN_INT_CONVERSION = YES;
				CLANG_WARN_NON_LITERAL_NULL_CONVERSION = YES;
				CLANG_WARN_OBJC_IMPLICIT_RETAIN_SELF = YES;
				CLANG_WARN_OBJC_LITERAL_CONVERSION = YES;
				CLANG_WARN_OBJC_ROOT_CLASS = YES_ERROR;
				CLANG_WARN_RANGE_LOOP_ANALYSIS = YES;
				CLANG_WARN_STRICT_PROTOTYPES = YES;
				CLANG_WARN_SUSPICIOUS_MOVE = YES;
				CLANG_WARN_UNGUARDED_AVAILABILITY = YES_AGGRESSIVE;
				CLANG_WARN_UNREACHABLE_CODE = YES;
				CLANG_WARN__DUPLICATE_METHOD_MATCH = YES;
				COPY_PHASE_STRIP = NO;
				DEBUG_INFORMATION_FORMAT = "dwarf-with-dsym";
				ENABLE_NS_ASSERTIONS = NO;
				ENABLE_STRICT_OBJC_MSGSEND = YES;
				GCC_C_LANGUAGE_STANDARD = gnu11;
				GCC_NO_COMMON_BLOCKS = YES;
				GCC_WARN_64_TO_32_BIT_CONVERSION = YES;
				GCC_WARN_ABOUT_RETURN_TYPE = YES_ERROR;
				GCC_WARN_UNDECLARED_SELECTOR = YES;
				GCC_WARN_UNINITIALIZED_AUTOS = YES_AGGRESSIVE;
				GCC_WARN_UNUSED_FUNCTION = YES;
				GCC_WARN_UNUSED_VARIABLE = YES;
				IPHONEOS_DEPLOYMENT_TARGET = 13.5;
				MTL_ENABLE_DEBUG_INFO = NO;
				MTL_FAST_MATH = YES;
				SDKROOT = iphoneos;
				SWIFT_COMPILATION_MODE = wholemodule;
				SWIFT_OPTIMIZATION_LEVEL = "-O";
				VALIDATE_PRODUCT = YES;
			};
			name = Release;
		};
		317447A62492AE7200862E28 /* Debug */ = {
			isa = XCBuildConfiguration;
			buildSettings = {
				ASSETCATALOG_COMPILER_APPICON_NAME = AppIcon;
				CODE_SIGN_STYLE = Automatic;
				DEVELOPMENT_TEAM = FUWNN36Z78;
				INFOPLIST_FILE = EasyShopper/Info.plist;
				LD_RUNPATH_SEARCH_PATHS = (
					"$(inherited)",
					"@executable_path/Frameworks",
				);
				PRODUCT_BUNDLE_IDENTIFIER = "dk.ka-ching.EasyShopper";
				PRODUCT_NAME = "$(TARGET_NAME)";
				SWIFT_VERSION = 5.0;
				TARGETED_DEVICE_FAMILY = "1,2";
			};
			name = Debug;
		};
		317447A72492AE7200862E28 /* Release */ = {
			isa = XCBuildConfiguration;
			buildSettings = {
				ASSETCATALOG_COMPILER_APPICON_NAME = AppIcon;
				CODE_SIGN_STYLE = Automatic;
				DEVELOPMENT_TEAM = FUWNN36Z78;
				INFOPLIST_FILE = EasyShopper/Info.plist;
				LD_RUNPATH_SEARCH_PATHS = (
					"$(inherited)",
					"@executable_path/Frameworks",
				);
				PRODUCT_BUNDLE_IDENTIFIER = "dk.ka-ching.EasyShopper";
				PRODUCT_NAME = "$(TARGET_NAME)";
				SWIFT_VERSION = 5.0;
				TARGETED_DEVICE_FAMILY = "1,2";
			};
			name = Release;
		};
/* End XCBuildConfiguration section */

/* Begin XCConfigurationList section */
		3174478C2492AE7000862E28 /* Build configuration list for PBXProject "EasyShopper" */ = {
			isa = XCConfigurationList;
			buildConfigurations = (
				317447A32492AE7200862E28 /* Debug */,
				317447A42492AE7200862E28 /* Release */,
			);
			defaultConfigurationIsVisible = 0;
			defaultConfigurationName = Release;
		};
		317447A52492AE7200862E28 /* Build configuration list for PBXNativeTarget "EasyShopper" */ = {
			isa = XCConfigurationList;
			buildConfigurations = (
				317447A62492AE7200862E28 /* Debug */,
				317447A72492AE7200862E28 /* Release */,
			);
			defaultConfigurationIsVisible = 0;
			defaultConfigurationName = Release;
		};
/* End XCConfigurationList section */
	};
	rootObject = 317447892492AE7000862E28 /* Project object */;
}
